// !$*UTF8*$!
{
	archiveVersion = 1;
	classes = {
	};
	objectVersion = 55;
	objects = {

/* Begin PBXBuildFile section */
		A633D14F2881D6B900866EBA /* Reminder.swift in Sources */ = {isa = PBXBuildFile; fileRef = A633D14E2881D6B900866EBA /* Reminder.swift */; };
		A633D1522881D7A800866EBA /* MainViewControllerViewModel.swift in Sources */ = {isa = PBXBuildFile; fileRef = A633D1512881D7A800866EBA /* MainViewControllerViewModel.swift */; };
		A633D1562881D88600866EBA /* RemindersTableViewCell.swift in Sources */ = {isa = PBXBuildFile; fileRef = A633D1552881D88600866EBA /* RemindersTableViewCell.swift */; };
		A633D1582881E4AC00866EBA /* DetailViewController.swift in Sources */ = {isa = PBXBuildFile; fileRef = A633D1572881E4AC00866EBA /* DetailViewController.swift */; };
		A633D15B2881E74200866EBA /* NotificationCenterManager.swift in Sources */ = {isa = PBXBuildFile; fileRef = A633D15A2881E74200866EBA /* NotificationCenterManager.swift */; };
		A633D15E2881E9F500866EBA /* DetailView.swift in Sources */ = {isa = PBXBuildFile; fileRef = A633D15D2881E9F500866EBA /* DetailView.swift */; };
		A633D1602885D9E600866EBA /* NewReminderViewController.swift in Sources */ = {isa = PBXBuildFile; fileRef = A633D15F2885D9E600866EBA /* NewReminderViewController.swift */; };
		A633D1622886D7AE00866EBA /* CoreDataManager.swift in Sources */ = {isa = PBXBuildFile; fileRef = A633D1612886D7AE00866EBA /* CoreDataManager.swift */; };
		A633D1652886D7F700866EBA /* CoreDataModel.xcdatamodeld in Sources */ = {isa = PBXBuildFile; fileRef = A633D1632886D7F600866EBA /* CoreDataModel.xcdatamodeld */; };
		A6AD65A5287F9912004EA68A /* AppDelegate.swift in Sources */ = {isa = PBXBuildFile; fileRef = A6AD65A4287F9912004EA68A /* AppDelegate.swift */; };
		A6AD65A9287F9912004EA68A /* MainViewController.swift in Sources */ = {isa = PBXBuildFile; fileRef = A6AD65A8287F9912004EA68A /* MainViewController.swift */; };
		A6AD65AE287F9913004EA68A /* Assets.xcassets in Resources */ = {isa = PBXBuildFile; fileRef = A6AD65AD287F9913004EA68A /* Assets.xcassets */; };
		A6AD65B1287F9913004EA68A /* LaunchScreen.storyboard in Resources */ = {isa = PBXBuildFile; fileRef = A6AD65AF287F9913004EA68A /* LaunchScreen.storyboard */; };
/* End PBXBuildFile section */

/* Begin PBXFileReference section */
		A633D14E2881D6B900866EBA /* Reminder.swift */ = {isa = PBXFileReference; lastKnownFileType = sourcecode.swift; path = Reminder.swift; sourceTree = "<group>"; };
		A633D1512881D7A800866EBA /* MainViewControllerViewModel.swift */ = {isa = PBXFileReference; lastKnownFileType = sourcecode.swift; path = MainViewControllerViewModel.swift; sourceTree = "<group>"; };
		A633D1552881D88600866EBA /* RemindersTableViewCell.swift */ = {isa = PBXFileReference; lastKnownFileType = sourcecode.swift; path = RemindersTableViewCell.swift; sourceTree = "<group>"; };
		A633D1572881E4AC00866EBA /* DetailViewController.swift */ = {isa = PBXFileReference; lastKnownFileType = sourcecode.swift; path = DetailViewController.swift; sourceTree = "<group>"; };
		A633D15A2881E74200866EBA /* NotificationCenterManager.swift */ = {isa = PBXFileReference; lastKnownFileType = sourcecode.swift; path = NotificationCenterManager.swift; sourceTree = "<group>"; };
		A633D15D2881E9F500866EBA /* DetailView.swift */ = {isa = PBXFileReference; lastKnownFileType = sourcecode.swift; path = DetailView.swift; sourceTree = "<group>"; };
		A633D15F2885D9E600866EBA /* NewReminderViewController.swift */ = {isa = PBXFileReference; lastKnownFileType = sourcecode.swift; path = NewReminderViewController.swift; sourceTree = "<group>"; };
		A633D1612886D7AE00866EBA /* CoreDataManager.swift */ = {isa = PBXFileReference; lastKnownFileType = sourcecode.swift; path = CoreDataManager.swift; sourceTree = "<group>"; };
		A633D1642886D7F700866EBA /* CoreDataModel.xcdatamodel */ = {isa = PBXFileReference; lastKnownFileType = wrapper.xcdatamodel; path = CoreDataModel.xcdatamodel; sourceTree = "<group>"; };
		A6AD65A1287F9912004EA68A /* Reminders.app */ = {isa = PBXFileReference; explicitFileType = wrapper.application; includeInIndex = 0; path = Reminders.app; sourceTree = BUILT_PRODUCTS_DIR; };
		A6AD65A4287F9912004EA68A /* AppDelegate.swift */ = {isa = PBXFileReference; lastKnownFileType = sourcecode.swift; path = AppDelegate.swift; sourceTree = "<group>"; };
		A6AD65A8287F9912004EA68A /* MainViewController.swift */ = {isa = PBXFileReference; lastKnownFileType = sourcecode.swift; path = MainViewController.swift; sourceTree = "<group>"; };
		A6AD65AD287F9913004EA68A /* Assets.xcassets */ = {isa = PBXFileReference; lastKnownFileType = folder.assetcatalog; path = Assets.xcassets; sourceTree = "<group>"; };
		A6AD65B0287F9913004EA68A /* Base */ = {isa = PBXFileReference; lastKnownFileType = file.storyboard; name = Base; path = Base.lproj/LaunchScreen.storyboard; sourceTree = "<group>"; };
		A6AD65B2287F9913004EA68A /* Info.plist */ = {isa = PBXFileReference; lastKnownFileType = text.plist.xml; path = Info.plist; sourceTree = "<group>"; };
/* End PBXFileReference section */

/* Begin PBXFrameworksBuildPhase section */
		A6AD659E287F9912004EA68A /* Frameworks */ = {
			isa = PBXFrameworksBuildPhase;
			buildActionMask = 2147483647;
			files = (
			);
			runOnlyForDeploymentPostprocessing = 0;
		};
/* End PBXFrameworksBuildPhase section */

/* Begin PBXGroup section */
		A633D14B2881D36700866EBA /* Controller */ = {
			isa = PBXGroup;
			children = (
				A6AD65A8287F9912004EA68A /* MainViewController.swift */,
				A633D1572881E4AC00866EBA /* DetailViewController.swift */,
				A633D15F2885D9E600866EBA /* NewReminderViewController.swift */,
			);
			path = Controller;
			sourceTree = "<group>";
		};
		A633D14C2881D37200866EBA /* View */ = {
			isa = PBXGroup;
			children = (
				A633D15C2881E9E700866EBA /* DetailView */,
				A633D1542881D86800866EBA /* RemindersTableViewCell */,
				A633D1532881D85B00866EBA /* LaunchScreen */,
			);
			path = View;
			sourceTree = "<group>";
		};
		A633D14D2881D6AF00866EBA /* Model */ = {
			isa = PBXGroup;
			children = (
				A633D14E2881D6B900866EBA /* Reminder.swift */,
			);
			path = Model;
			sourceTree = "<group>";
		};
		A633D1502881D79800866EBA /* ViewModel */ = {
			isa = PBXGroup;
			children = (
				A633D1512881D7A800866EBA /* MainViewControllerViewModel.swift */,
			);
			path = ViewModel;
			sourceTree = "<group>";
		};
		A633D1532881D85B00866EBA /* LaunchScreen */ = {
			isa = PBXGroup;
			children = (
				A6AD65AF287F9913004EA68A /* LaunchScreen.storyboard */,
			);
			path = LaunchScreen;
			sourceTree = "<group>";
		};
		A633D1542881D86800866EBA /* RemindersTableViewCell */ = {
			isa = PBXGroup;
			children = (
				A633D1552881D88600866EBA /* RemindersTableViewCell.swift */,
			);
			path = RemindersTableViewCell;
			sourceTree = "<group>";
		};
		A633D1592881E73400866EBA /* Manager */ = {
			isa = PBXGroup;
			children = (
				A633D15A2881E74200866EBA /* NotificationCenterManager.swift */,
				A633D1612886D7AE00866EBA /* CoreDataManager.swift */,
			);
			path = Manager;
			sourceTree = "<group>";
		};
		A633D15C2881E9E700866EBA /* DetailView */ = {
			isa = PBXGroup;
			children = (
				A633D15D2881E9F500866EBA /* DetailView.swift */,
			);
			path = DetailView;
			sourceTree = "<group>";
		};
		A6AD6598287F9912004EA68A = {
			isa = PBXGroup;
			children = (
				A6AD65A3287F9912004EA68A /* Reminders */,
				A6AD65A2287F9912004EA68A /* Products */,
			);
			sourceTree = "<group>";
		};
		A6AD65A2287F9912004EA68A /* Products */ = {
			isa = PBXGroup;
			children = (
				A6AD65A1287F9912004EA68A /* Reminders.app */,
			);
			name = Products;
			sourceTree = "<group>";
		};
		A6AD65A3287F9912004EA68A /* Reminders */ = {
			isa = PBXGroup;
			children = (
				A633D1592881E73400866EBA /* Manager */,
				A633D1502881D79800866EBA /* ViewModel */,
				A633D14D2881D6AF00866EBA /* Model */,
				A633D14C2881D37200866EBA /* View */,
				A633D14B2881D36700866EBA /* Controller */,
				A6AD65A4287F9912004EA68A /* AppDelegate.swift */,
				A6AD65AD287F9913004EA68A /* Assets.xcassets */,
				A6AD65B2287F9913004EA68A /* Info.plist */,
				A633D1632886D7F600866EBA /* CoreDataModel.xcdatamodeld */,
			);
			path = Reminders;
			sourceTree = "<group>";
		};
/* End PBXGroup section */

/* Begin PBXNativeTarget section */
		A6AD65A0287F9912004EA68A /* Reminders */ = {
			isa = PBXNativeTarget;
			buildConfigurationList = A6AD65B5287F9913004EA68A /* Build configuration list for PBXNativeTarget "Reminders" */;
			buildPhases = (
				A6AD659D287F9912004EA68A /* Sources */,
				A6AD659E287F9912004EA68A /* Frameworks */,
				A6AD659F287F9912004EA68A /* Resources */,
			);
			buildRules = (
			);
			dependencies = (
			);
			name = Reminders;
			productName = Reminders;
			productReference = A6AD65A1287F9912004EA68A /* Reminders.app */;
			productType = "com.apple.product-type.application";
		};
/* End PBXNativeTarget section */

/* Begin PBXProject section */
		A6AD6599287F9912004EA68A /* Project object */ = {
			isa = PBXProject;
			attributes = {
				BuildIndependentTargetsInParallel = 1;
				LastSwiftUpdateCheck = 1340;
				LastUpgradeCheck = 1340;
				TargetAttributes = {
					A6AD65A0287F9912004EA68A = {
						CreatedOnToolsVersion = 13.4.1;
					};
				};
			};
			buildConfigurationList = A6AD659C287F9912004EA68A /* Build configuration list for PBXProject "Reminders" */;
			compatibilityVersion = "Xcode 13.0";
			developmentRegion = en;
			hasScannedForEncodings = 0;
			knownRegions = (
				en,
				Base,
			);
			mainGroup = A6AD6598287F9912004EA68A;
			productRefGroup = A6AD65A2287F9912004EA68A /* Products */;
			projectDirPath = "";
			projectRoot = "";
			targets = (
				A6AD65A0287F9912004EA68A /* Reminders */,
			);
		};
/* End PBXProject section */

/* Begin PBXResourcesBuildPhase section */
		A6AD659F287F9912004EA68A /* Resources */ = {
			isa = PBXResourcesBuildPhase;
			buildActionMask = 2147483647;
			files = (
				A6AD65B1287F9913004EA68A /* LaunchScreen.storyboard in Resources */,
				A6AD65AE287F9913004EA68A /* Assets.xcassets in Resources */,
			);
			runOnlyForDeploymentPostprocessing = 0;
		};
/* End PBXResourcesBuildPhase section */

/* Begin PBXSourcesBuildPhase section */
		A6AD659D287F9912004EA68A /* Sources */ = {
			isa = PBXSourcesBuildPhase;
			buildActionMask = 2147483647;
			files = (
				A633D1522881D7A800866EBA /* MainViewControllerViewModel.swift in Sources */,
				A633D15E2881E9F500866EBA /* DetailView.swift in Sources */,
				A633D1652886D7F700866EBA /* CoreDataModel.xcdatamodeld in Sources */,
				A633D14F2881D6B900866EBA /* Reminder.swift in Sources */,
				A6AD65A9287F9912004EA68A /* MainViewController.swift in Sources */,
				A633D1602885D9E600866EBA /* NewReminderViewController.swift in Sources */,
				A633D1582881E4AC00866EBA /* DetailViewController.swift in Sources */,
				A633D15B2881E74200866EBA /* NotificationCenterManager.swift in Sources */,
				A6AD65A5287F9912004EA68A /* AppDelegate.swift in Sources */,
				A633D1622886D7AE00866EBA /* CoreDataManager.swift in Sources */,
				A633D1562881D88600866EBA /* RemindersTableViewCell.swift in Sources */,
			);
			runOnlyForDeploymentPostprocessing = 0;
		};
/* End PBXSourcesBuildPhase section */

/* Begin PBXVariantGroup section */
		A6AD65AF287F9913004EA68A /* LaunchScreen.storyboard */ = {
			isa = PBXVariantGroup;
			children = (
				A6AD65B0287F9913004EA68A /* Base */,
			);
			name = LaunchScreen.storyboard;
			sourceTree = "<group>";
		};
/* End PBXVariantGroup section */

/* Begin XCBuildConfiguration section */
		A6AD65B3287F9913004EA68A /* Debug */ = {
			isa = XCBuildConfiguration;
			buildSettings = {
				ALWAYS_SEARCH_USER_PATHS = NO;
				CLANG_ANALYZER_NONNULL = YES;
				CLANG_ANALYZER_NUMBER_OBJECT_CONVERSION = YES_AGGRESSIVE;
				CLANG_CXX_LANGUAGE_STANDARD = "gnu++17";
				CLANG_ENABLE_MODULES = YES;
				CLANG_ENABLE_OBJC_ARC = YES;
				CLANG_ENABLE_OBJC_WEAK = YES;
				CLANG_WARN_BLOCK_CAPTURE_AUTORELEASING = YES;
				CLANG_WARN_BOOL_CONVERSION = YES;
				CLANG_WARN_COMMA = YES;
				CLANG_WARN_CONSTANT_CONVERSION = YES;
				CLANG_WARN_DEPRECATED_OBJC_IMPLEMENTATIONS = YES;
				CLANG_WARN_DIRECT_OBJC_ISA_USAGE = YES_ERROR;
				CLANG_WARN_DOCUMENTATION_COMMENTS = YES;
				CLANG_WARN_EMPTY_BODY = YES;
				CLANG_WARN_ENUM_CONVERSION = YES;
				CLANG_WARN_INFINITE_RECURSION = YES;
				CLANG_WARN_INT_CONVERSION = YES;
				CLANG_WARN_NON_LITERAL_NULL_CONVERSION = YES;
				CLANG_WARN_OBJC_IMPLICIT_RETAIN_SELF = YES;
				CLANG_WARN_OBJC_LITERAL_CONVERSION = YES;
				CLANG_WARN_OBJC_ROOT_CLASS = YES_ERROR;
				CLANG_WARN_QUOTED_INCLUDE_IN_FRAMEWORK_HEADER = YES;
				CLANG_WARN_RANGE_LOOP_ANALYSIS = YES;
				CLANG_WARN_STRICT_PROTOTYPES = YES;
				CLANG_WARN_SUSPICIOUS_MOVE = YES;
				CLANG_WARN_UNGUARDED_AVAILABILITY = YES_AGGRESSIVE;
				CLANG_WARN_UNREACHABLE_CODE = YES;
				CLANG_WARN__DUPLICATE_METHOD_MATCH = YES;
				COPY_PHASE_STRIP = NO;
				DEBUG_INFORMATION_FORMAT = dwarf;
				ENABLE_STRICT_OBJC_MSGSEND = YES;
				ENABLE_TESTABILITY = YES;
				GCC_C_LANGUAGE_STANDARD = gnu11;
				GCC_DYNAMIC_NO_PIC = NO;
				GCC_NO_COMMON_BLOCKS = YES;
				GCC_OPTIMIZATION_LEVEL = 0;
				GCC_PREPROCESSOR_DEFINITIONS = (
					"DEBUG=1",
					"$(inherited)",
				);
				GCC_WARN_64_TO_32_BIT_CONVERSION = YES;
				GCC_WARN_ABOUT_RETURN_TYPE = YES_ERROR;
				GCC_WARN_UNDECLARED_SELECTOR = YES;
				GCC_WARN_UNINITIALIZED_AUTOS = YES_AGGRESSIVE;
				GCC_WARN_UNUSED_FUNCTION = YES;
				GCC_WARN_UNUSED_VARIABLE = YES;
				IPHONEOS_DEPLOYMENT_TARGET = 15.5;
				MTL_ENABLE_DEBUG_INFO = INCLUDE_SOURCE;
				MTL_FAST_MATH = YES;
				ONLY_ACTIVE_ARCH = YES;
				SDKROOT = iphoneos;
				SWIFT_ACTIVE_COMPILATION_CONDITIONS = DEBUG;
				SWIFT_OPTIMIZATION_LEVEL = "-Onone";
			};
			name = Debug;
		};
		A6AD65B4287F9913004EA68A /* Release */ = {
			isa = XCBuildConfiguration;
			buildSettings = {
				ALWAYS_SEARCH_USER_PATHS = NO;
				CLANG_ANALYZER_NONNULL = YES;
				CLANG_ANALYZER_NUMBER_OBJECT_CONVERSION = YES_AGGRESSIVE;
				CLANG_CXX_LANGUAGE_STANDARD = "gnu++17";
				CLANG_ENABLE_MODULES = YES;
				CLANG_ENABLE_OBJC_ARC = YES;
				CLANG_ENABLE_OBJC_WEAK = YES;
				CLANG_WARN_BLOCK_CAPTURE_AUTORELEASING = YES;
				CLANG_WARN_BOOL_CONVERSION = YES;
				CLANG_WARN_COMMA = YES;
				CLANG_WARN_CONSTANT_CONVERSION = YES;
				CLANG_WARN_DEPRECATED_OBJC_IMPLEMENTATIONS = YES;
				CLANG_WARN_DIRECT_OBJC_ISA_USAGE = YES_ERROR;
				CLANG_WARN_DOCUMENTATION_COMMENTS = YES;
				CLANG_WARN_EMPTY_BODY = YES;
				CLANG_WARN_ENUM_CONVERSION = YES;
				CLANG_WARN_INFINITE_RECURSION = YES;
				CLANG_WARN_INT_CONVERSION = YES;
				CLANG_WARN_NON_LITERAL_NULL_CONVERSION = YES;
				CLANG_WARN_OBJC_IMPLICIT_RETAIN_SELF = YES;
				CLANG_WARN_OBJC_LITERAL_CONVERSION = YES;
				CLANG_WARN_OBJC_ROOT_CLASS = YES_ERROR;
				CLANG_WARN_QUOTED_INCLUDE_IN_FRAMEWORK_HEADER = YES;
				CLANG_WARN_RANGE_LOOP_ANALYSIS = YES;
				CLANG_WARN_STRICT_PROTOTYPES = YES;
				CLANG_WARN_SUSPICIOUS_MOVE = YES;
				CLANG_WARN_UNGUARDED_AVAILABILITY = YES_AGGRESSIVE;
				CLANG_WARN_UNREACHABLE_CODE = YES;
				CLANG_WARN__DUPLICATE_METHOD_MATCH = YES;
				COPY_PHASE_STRIP = NO;
				DEBUG_INFORMATION_FORMAT = "dwarf-with-dsym";
				ENABLE_NS_ASSERTIONS = NO;
				ENABLE_STRICT_OBJC_MSGSEND = YES;
				GCC_C_LANGUAGE_STANDARD = gnu11;
				GCC_NO_COMMON_BLOCKS = YES;
				GCC_WARN_64_TO_32_BIT_CONVERSION = YES;
				GCC_WARN_ABOUT_RETURN_TYPE = YES_ERROR;
				GCC_WARN_UNDECLARED_SELECTOR = YES;
				GCC_WARN_UNINITIALIZED_AUTOS = YES_AGGRESSIVE;
				GCC_WARN_UNUSED_FUNCTION = YES;
				GCC_WARN_UNUSED_VARIABLE = YES;
				IPHONEOS_DEPLOYMENT_TARGET = 15.5;
				MTL_ENABLE_DEBUG_INFO = NO;
				MTL_FAST_MATH = YES;
				SDKROOT = iphoneos;
				SWIFT_COMPILATION_MODE = wholemodule;
				SWIFT_OPTIMIZATION_LEVEL = "-O";
				VALIDATE_PRODUCT = YES;
			};
			name = Release;
		};
		A6AD65B6287F9913004EA68A /* Debug */ = {
			isa = XCBuildConfiguration;
			buildSettings = {
				ASSETCATALOG_COMPILER_APPICON_NAME = AppIcon;
				ASSETCATALOG_COMPILER_GLOBAL_ACCENT_COLOR_NAME = AccentColor;
				CODE_SIGN_STYLE = Automatic;
				CURRENT_PROJECT_VERSION = 1;
				DEVELOPMENT_TEAM = BV5WQ2Z86J;
				GENERATE_INFOPLIST_FILE = YES;
				INFOPLIST_FILE = Reminders/Info.plist;
				INFOPLIST_KEY_UIApplicationSupportsIndirectInputEvents = YES;
				INFOPLIST_KEY_UILaunchStoryboardName = LaunchScreen;
				INFOPLIST_KEY_UISupportedInterfaceOrientations_iPad = "UIInterfaceOrientationPortrait UIInterfaceOrientationPortraitUpsideDown UIInterfaceOrientationLandscapeLeft UIInterfaceOrientationLandscapeRight";
				INFOPLIST_KEY_UISupportedInterfaceOrientations_iPhone = "UIInterfaceOrientationPortrait UIInterfaceOrientationLandscapeLeft UIInterfaceOrientationLandscapeRight";
				LD_RUNPATH_SEARCH_PATHS = (
					"$(inherited)",
					"@executable_path/Frameworks",
				);
				MARKETING_VERSION = 1.0;
				PRODUCT_BUNDLE_IDENTIFIER = "amanda-detofol-constante.Reminders";
				PRODUCT_NAME = "$(TARGET_NAME)";
				SWIFT_EMIT_LOC_STRINGS = YES;
				SWIFT_VERSION = 5.0;
				TARGETED_DEVICE_FAMILY = "1,2";
			};
			name = Debug;
		};
		A6AD65B7287F9913004EA68A /* Release */ = {
			isa = XCBuildConfiguration;
			buildSettings = {
				ASSETCATALOG_COMPILER_APPICON_NAME = AppIcon;
				ASSETCATALOG_COMPILER_GLOBAL_ACCENT_COLOR_NAME = AccentColor;
				CODE_SIGN_STYLE = Automatic;
				CURRENT_PROJECT_VERSION = 1;
				DEVELOPMENT_TEAM = BV5WQ2Z86J;
				GENERATE_INFOPLIST_FILE = YES;
				INFOPLIST_FILE = Reminders/Info.plist;
				INFOPLIST_KEY_UIApplicationSupportsIndirectInputEvents = YES;
				INFOPLIST_KEY_UILaunchStoryboardName = LaunchScreen;
				INFOPLIST_KEY_UISupportedInterfaceOrientations_iPad = "UIInterfaceOrientationPortrait UIInterfaceOrientationPortraitUpsideDown UIInterfaceOrientationLandscapeLeft UIInterfaceOrientationLandscapeRight";
				INFOPLIST_KEY_UISupportedInterfaceOrientations_iPhone = "UIInterfaceOrientationPortrait UIInterfaceOrientationLandscapeLeft UIInterfaceOrientationLandscapeRight";
				LD_RUNPATH_SEARCH_PATHS = (
					"$(inherited)",
					"@executable_path/Frameworks",
				);
				MARKETING_VERSION = 1.0;
				PRODUCT_BUNDLE_IDENTIFIER = "amanda-detofol-constante.Reminders";
				PRODUCT_NAME = "$(TARGET_NAME)";
				SWIFT_EMIT_LOC_STRINGS = YES;
				SWIFT_VERSION = 5.0;
				TARGETED_DEVICE_FAMILY = "1,2";
			};
			name = Release;
		};
/* End XCBuildConfiguration section */

/* Begin XCConfigurationList section */
		A6AD659C287F9912004EA68A /* Build configuration list for PBXProject "Reminders" */ = {
			isa = XCConfigurationList;
			buildConfigurations = (
				A6AD65B3287F9913004EA68A /* Debug */,
				A6AD65B4287F9913004EA68A /* Release */,
			);
			defaultConfigurationIsVisible = 0;
			defaultConfigurationName = Release;
		};
		A6AD65B5287F9913004EA68A /* Build configuration list for PBXNativeTarget "Reminders" */ = {
			isa = XCConfigurationList;
			buildConfigurations = (
				A6AD65B6287F9913004EA68A /* Debug */,
				A6AD65B7287F9913004EA68A /* Release */,
			);
			defaultConfigurationIsVisible = 0;
			defaultConfigurationName = Release;
		};
/* End XCConfigurationList section */

/* Begin XCVersionGroup section */
		A633D1632886D7F600866EBA /* CoreDataModel.xcdatamodeld */ = {
			isa = XCVersionGroup;
			children = (
				A633D1642886D7F700866EBA /* CoreDataModel.xcdatamodel */,
			);
			currentVersion = A633D1642886D7F700866EBA /* CoreDataModel.xcdatamodel */;
			path = CoreDataModel.xcdatamodeld;
			sourceTree = "<group>";
			versionGroupType = wrapper.xcdatamodel;
		};
/* End XCVersionGroup section */
	};
	rootObject = A6AD6599287F9912004EA68A /* Project object */;
}
